
Microsoft Visual Studio Solution File, Format Version 12.00
# Visual Studio Version 16
VisualStudioVersion = 16.0.30523.141
MinimumVisualStudioVersion = 10.0.40219.1
Project("{FAE04EC0-301F-11D3-BF4B-00C04F79EFBC}") = "CS-Lessons", "CS-Lessons\CS-Lessons.csproj", "{6E5B5FA9-D565-48D1-8C13-2B05866BB2BD}"
EndProject
Project("{FAE04EC0-301F-11D3-BF4B-00C04F79EFBC}") = "Lesson-1", "Lesson-1\Lesson-1.csproj", "{77FCDE84-3100-48EA-B4FB-3AAC2AB15DF2}"
EndProject
Project("{FAE04EC0-301F-11D3-BF4B-00C04F79EFBC}") = "Lesson-2", "Lesson-2\Lesson-2.csproj", "{A2D9D85D-87E1-4E8C-B45F-6E1C9D6A76F1}"
EndProject
Global
	GlobalSection(SolutionConfigurationPlatforms) = preSolution
		Debug|Any CPU = Debug|Any CPU
		Release|Any CPU = Release|Any CPU
	EndGlobalSection
	GlobalSection(ProjectConfigurationPlatforms) = postSolution
		{6E5B5FA9-D565-48D1-8C13-2B05866BB2BD}.Debug|Any CPU.ActiveCfg = Debug|Any CPU
		{6E5B5FA9-D565-48D1-8C13-2B05866BB2BD}.Debug|Any CPU.Build.0 = Debug|Any CPU
		{6E5B5FA9-D565-48D1-8C13-2B05866BB2BD}.Release|Any CPU.ActiveCfg = Release|Any CPU
		{6E5B5FA9-D565-48D1-8C13-2B05866BB2BD}.Release|Any CPU.Build.0 = Release|Any CPU
		{77FCDE84-3100-48EA-B4FB-3AAC2AB15DF2}.Debug|Any CPU.ActiveCfg = Debug|Any CPU
		{77FCDE84-3100-48EA-B4FB-3AAC2AB15DF2}.Debug|Any CPU.Build.0 = Debug|Any CPU
		{77FCDE84-3100-48EA-B4FB-3AAC2AB15DF2}.Release|Any CPU.ActiveCfg = Release|Any CPU
		{77FCDE84-3100-48EA-B4FB-3AAC2AB15DF2}.Release|Any CPU.Build.0 = Release|Any CPU
		{A2D9D85D-87E1-4E8C-B45F-6E1C9D6A76F1}.Debug|Any CPU.ActiveCfg = Debug|Any CPU
		{A2D9D85D-87E1-4E8C-B45F-6E1C9D6A76F1}.Debug|Any CPU.Build.0 = Debug|Any CPU
		{A2D9D85D-87E1-4E8C-B45F-6E1C9D6A76F1}.Release|Any CPU.ActiveCfg = Release|Any CPU
		{A2D9D85D-87E1-4E8C-B45F-6E1C9D6A76F1}.Release|Any CPU.Build.0 = Release|Any CPU
	EndGlobalSection
	GlobalSection(SolutionProperties) = preSolution
		HideSolutionNode = FALSE
	EndGlobalSection
	GlobalSection(ExtensibilityGlobals) = postSolution
		SolutionGuid = {294E67D9-B619-453D-AE30-E1D9A1A15F6E}
	EndGlobalSection
EndGlobal
